
Microsoft Visual Studio Solution File, Format Version 12.00
# Visual Studio 2012
Project("{FAE04EC0-301F-11D3-BF4B-00C04F79EFBC}") = "SupermarketModel", "SupermarketModel\SupermarketModel.csproj", "{C50145E6-A244-4F1F-B41F-90D1925B4A00}"
EndProject
Project("{FAE04EC0-301F-11D3-BF4B-00C04F79EFBC}") = "SuperMarketClient", "SuperMarketClient\SuperMarketClient.csproj", "{1CBE4AD4-ADD2-45D5-9BBD-3FF401269771}"
EndProject
Project("{FAE04EC0-301F-11D3-BF4B-00C04F79EFBC}") = "SupermarketEntityData", "SupermarketEntityData\SupermarketEntityData.csproj", "{C72A29DB-4179-4771-A14B-1A8C4970A4C8}"
EndProject
Project("{FAE04EC0-301F-11D3-BF4B-00C04F79EFBC}") = "Helper", "Helper\Helper.csproj", "{A235674A-9EDA-4BF9-985A-BD7FBD3538BE}"
EndProject
Global
	GlobalSection(SolutionConfigurationPlatforms) = preSolution
		Debug|Any CPU = Debug|Any CPU
		Release|Any CPU = Release|Any CPU
	EndGlobalSection
	GlobalSection(ProjectConfigurationPlatforms) = postSolution
		{C50145E6-A244-4F1F-B41F-90D1925B4A00}.Debug|Any CPU.ActiveCfg = Debug|Any CPU
		{C50145E6-A244-4F1F-B41F-90D1925B4A00}.Debug|Any CPU.Build.0 = Debug|Any CPU
		{C50145E6-A244-4F1F-B41F-90D1925B4A00}.Release|Any CPU.ActiveCfg = Release|Any CPU
		{C50145E6-A244-4F1F-B41F-90D1925B4A00}.Release|Any CPU.Build.0 = Release|Any CPU
		{1CBE4AD4-ADD2-45D5-9BBD-3FF401269771}.Debug|Any CPU.ActiveCfg = Debug|Any CPU
		{1CBE4AD4-ADD2-45D5-9BBD-3FF401269771}.Debug|Any CPU.Build.0 = Debug|Any CPU
		{1CBE4AD4-ADD2-45D5-9BBD-3FF401269771}.Release|Any CPU.ActiveCfg = Release|Any CPU
		{1CBE4AD4-ADD2-45D5-9BBD-3FF401269771}.Release|Any CPU.Build.0 = Release|Any CPU
		{C72A29DB-4179-4771-A14B-1A8C4970A4C8}.Debug|Any CPU.ActiveCfg = Debug|Any CPU
		{C72A29DB-4179-4771-A14B-1A8C4970A4C8}.Debug|Any CPU.Build.0 = Debug|Any CPU
		{C72A29DB-4179-4771-A14B-1A8C4970A4C8}.Release|Any CPU.ActiveCfg = Release|Any CPU
		{C72A29DB-4179-4771-A14B-1A8C4970A4C8}.Release|Any CPU.Build.0 = Release|Any CPU
		{A235674A-9EDA-4BF9-985A-BD7FBD3538BE}.Debug|Any CPU.ActiveCfg = Debug|Any CPU
		{A235674A-9EDA-4BF9-985A-BD7FBD3538BE}.Debug|Any CPU.Build.0 = Debug|Any CPU
		{A235674A-9EDA-4BF9-985A-BD7FBD3538BE}.Release|Any CPU.ActiveCfg = Release|Any CPU
		{A235674A-9EDA-4BF9-985A-BD7FBD3538BE}.Release|Any CPU.Build.0 = Release|Any CPU
	EndGlobalSection
	GlobalSection(SolutionProperties) = preSolution
		HideSolutionNode = FALSE
	EndGlobalSection
EndGlobal
