
Microsoft Visual Studio Solution File, Format Version 12.00
# Visual Studio 2012
Project("{FAE04EC0-301F-11D3-BF4B-00C04F79EFBC}") = "TelerikAcademy.Data", "TelerikAcademy.Data\TelerikAcademy.Data.csproj", "{9EEA2890-F35F-4F24-BFDB-C0E512C641DB}"
EndProject
Project("{FAE04EC0-301F-11D3-BF4B-00C04F79EFBC}") = "TelerikAcademy.Client", "TelerikAcademy.Client\TelerikAcademy.Client.csproj", "{EB112333-9509-4EF5-B397-669557EB1A80}"
EndProject
Global
	GlobalSection(SolutionConfigurationPlatforms) = preSolution
		Debug|Any CPU = Debug|Any CPU
		Release|Any CPU = Release|Any CPU
	EndGlobalSection
	GlobalSection(ProjectConfigurationPlatforms) = postSolution
		{9EEA2890-F35F-4F24-BFDB-C0E512C641DB}.Debug|Any CPU.ActiveCfg = Debug|Any CPU
		{9EEA2890-F35F-4F24-BFDB-C0E512C641DB}.Debug|Any CPU.Build.0 = Debug|Any CPU
		{9EEA2890-F35F-4F24-BFDB-C0E512C641DB}.Release|Any CPU.ActiveCfg = Release|Any CPU
		{9EEA2890-F35F-4F24-BFDB-C0E512C641DB}.Release|Any CPU.Build.0 = Release|Any CPU
		{EB112333-9509-4EF5-B397-669557EB1A80}.Debug|Any CPU.ActiveCfg = Debug|Any CPU
		{EB112333-9509-4EF5-B397-669557EB1A80}.Debug|Any CPU.Build.0 = Debug|Any CPU
		{EB112333-9509-4EF5-B397-669557EB1A80}.Release|Any CPU.ActiveCfg = Release|Any CPU
		{EB112333-9509-4EF5-B397-669557EB1A80}.Release|Any CPU.Build.0 = Release|Any CPU
	EndGlobalSection
	GlobalSection(SolutionProperties) = preSolution
		HideSolutionNode = FALSE
	EndGlobalSection
EndGlobal
