
Microsoft Visual Studio Solution File, Format Version 12.00
# Visual Studio 2012
Project("{FAE04EC0-301F-11D3-BF4B-00C04F79EFBC}") = "Northwind.Model", "Northwind.Model\Northwind.Model.csproj", "{CE19F4CA-D9F3-4201-A2C3-5CECC998B5C7}"
EndProject
Project("{FAE04EC0-301F-11D3-BF4B-00C04F79EFBC}") = "Northwind.Client", "Northwind.Client\Northwind.Client.csproj", "{1F0CDF41-92DE-4FA0-9783-5B0AB90982E7}"
EndProject
Global
	GlobalSection(SolutionConfigurationPlatforms) = preSolution
		Debug|Any CPU = Debug|Any CPU
		Release|Any CPU = Release|Any CPU
	EndGlobalSection
	GlobalSection(ProjectConfigurationPlatforms) = postSolution
		{CE19F4CA-D9F3-4201-A2C3-5CECC998B5C7}.Debug|Any CPU.ActiveCfg = Debug|Any CPU
		{CE19F4CA-D9F3-4201-A2C3-5CECC998B5C7}.Debug|Any CPU.Build.0 = Debug|Any CPU
		{CE19F4CA-D9F3-4201-A2C3-5CECC998B5C7}.Release|Any CPU.ActiveCfg = Release|Any CPU
		{CE19F4CA-D9F3-4201-A2C3-5CECC998B5C7}.Release|Any CPU.Build.0 = Release|Any CPU
		{1F0CDF41-92DE-4FA0-9783-5B0AB90982E7}.Debug|Any CPU.ActiveCfg = Debug|Any CPU
		{1F0CDF41-92DE-4FA0-9783-5B0AB90982E7}.Debug|Any CPU.Build.0 = Debug|Any CPU
		{1F0CDF41-92DE-4FA0-9783-5B0AB90982E7}.Release|Any CPU.ActiveCfg = Release|Any CPU
		{1F0CDF41-92DE-4FA0-9783-5B0AB90982E7}.Release|Any CPU.Build.0 = Release|Any CPU
	EndGlobalSection
	GlobalSection(SolutionProperties) = preSolution
		HideSolutionNode = FALSE
	EndGlobalSection
EndGlobal
