
Microsoft Visual Studio Solution File, Format Version 12.00
# Visual Studio 2012
Project("{FAE04EC0-301F-11D3-BF4B-00C04F79EFBC}") = "UsePDFExport", "UsePDFExport\UsePDFExport.csproj", "{DA66B6EC-CC96-406E-B917-41B9BD0B042B}"
EndProject
Project("{FAE04EC0-301F-11D3-BF4B-00C04F79EFBC}") = "PDFExporterLib", "PDFExporterLib\PDFExporterLib.csproj", "{3BC17825-3FB7-462E-A6B9-D0858D20D71A}"
EndProject
Global
	GlobalSection(SolutionConfigurationPlatforms) = preSolution
		Debug|Any CPU = Debug|Any CPU
		Release|Any CPU = Release|Any CPU
	EndGlobalSection
	GlobalSection(ProjectConfigurationPlatforms) = postSolution
		{DA66B6EC-CC96-406E-B917-41B9BD0B042B}.Debug|Any CPU.ActiveCfg = Debug|Any CPU
		{DA66B6EC-CC96-406E-B917-41B9BD0B042B}.Debug|Any CPU.Build.0 = Debug|Any CPU
		{DA66B6EC-CC96-406E-B917-41B9BD0B042B}.Release|Any CPU.ActiveCfg = Release|Any CPU
		{DA66B6EC-CC96-406E-B917-41B9BD0B042B}.Release|Any CPU.Build.0 = Release|Any CPU
		{3BC17825-3FB7-462E-A6B9-D0858D20D71A}.Debug|Any CPU.ActiveCfg = Debug|Any CPU
		{3BC17825-3FB7-462E-A6B9-D0858D20D71A}.Debug|Any CPU.Build.0 = Debug|Any CPU
		{3BC17825-3FB7-462E-A6B9-D0858D20D71A}.Release|Any CPU.ActiveCfg = Release|Any CPU
		{3BC17825-3FB7-462E-A6B9-D0858D20D71A}.Release|Any CPU.Build.0 = Release|Any CPU
	EndGlobalSection
	GlobalSection(SolutionProperties) = preSolution
		HideSolutionNode = FALSE
	EndGlobalSection
EndGlobal
